
Microsoft Visual Studio Solution File, Format Version 12.00
# Visual Studio Version 16
VisualStudioVersion = 16.0.30413.136
MinimumVisualStudioVersion = 10.0.40219.1
Project("{888888A0-9F3D-457C-B088-3A5042F75D52}") = "BlackJack", "BlackJack.pyproj", "{71E238AB-D3B1-4611-8A60-9780D7740B3C}"
EndProject
Global
	GlobalSection(SolutionConfigurationPlatforms) = preSolution
		Debug|Any CPU = Debug|Any CPU
		Release|Any CPU = Release|Any CPU
	EndGlobalSection
	GlobalSection(ProjectConfigurationPlatforms) = postSolution
		{71E238AB-D3B1-4611-8A60-9780D7740B3C}.Debug|Any CPU.ActiveCfg = Debug|Any CPU
		{71E238AB-D3B1-4611-8A60-9780D7740B3C}.Release|Any CPU.ActiveCfg = Release|Any CPU
	EndGlobalSection
	GlobalSection(SolutionProperties) = preSolution
		HideSolutionNode = FALSE
	EndGlobalSection
	GlobalSection(ExtensibilityGlobals) = postSolution
		SolutionGuid = {A58BDB04-ED78-4054-9B57-F7FEC1E987C6}
	EndGlobalSection
EndGlobal
